
Microsoft Visual Studio Solution File, Format Version 12.00
Project("{FAE04EC0-301F-11D3-BF4B-00C04F79EFBC}") = "UwuTranslator", "UwuTranslator\UwuTranslator.csproj", "{D2446E63-3214-4156-83D3-C18B5FC8E491}"
EndProject
Global
	GlobalSection(SolutionConfigurationPlatforms) = preSolution
		Debug|Any CPU = Debug|Any CPU
		Release|Any CPU = Release|Any CPU
	EndGlobalSection
	GlobalSection(ProjectConfigurationPlatforms) = postSolution
		{D2446E63-3214-4156-83D3-C18B5FC8E491}.Debug|Any CPU.ActiveCfg = Debug|Any CPU
		{D2446E63-3214-4156-83D3-C18B5FC8E491}.Debug|Any CPU.Build.0 = Debug|Any CPU
		{D2446E63-3214-4156-83D3-C18B5FC8E491}.Release|Any CPU.ActiveCfg = Release|Any CPU
		{D2446E63-3214-4156-83D3-C18B5FC8E491}.Release|Any CPU.Build.0 = Release|Any CPU
	EndGlobalSection
EndGlobal
